lockfileVersion: '9.0'

settings:
  autoInstallPeers: true
  excludeLinksFromLockfile: false

importers:

  .:
    dependencies:
      '@tailwindcss/typography':
        specifier: ^0.5.9
        version: 0.5.10(tailwindcss@4.0.0)
      tailwindcss:
        specifier: ^4.0.0
        version: 4.0.0

packages:

  '@tailwindcss/typography@0.5.10':
    resolution: {integrity: sha512-Pe8BuPJQJd3FfRnm6H0ulKIGoMEQS+Vq01R6M5aCrFB/ccR/shT+0kXLjouGC1gFLm9hopTFN+DMP0pfwRWzPw==}
    peerDependencies:
      tailwindcss: '>=3.0.0 || insiders'

  cssesc@3.0.0:
    resolution: {integrity: sha512-/Tb/JcjK111nNScGob5MNtsntNM1aCNUDipB/TkwZFhyDrrE47SOx/18wF2bbjgc3ZzCSKW1T5nt5EbFoAz/Vg==}
    engines: {node: '>=4'}
    hasBin: true

  lodash.castarray@4.4.0:
    resolution: {integrity: sha512-aVx8ztPv7/2ULbArGJ2Y42bG1mEQ5mGjpdvrbJcJFU3TbYybe+QlLS4pst9zV52ymy2in1KpFPiZnAOATxD4+Q==}

  lodash.isplainobject@4.0.6:
    resolution: {integrity: sha512-oSXzaWypCMHkPC3NvBEaPHf0KsA5mvPrOPgQWDsbg8n7orZ290M0BmC/jgRZ4vcJ6DTAhjrsSYgdsW/F+MFOBA==}

  lodash.merge@4.6.2:
    resolution: {integrity: sha512-0KpjqXRVvrYyCsX1swR/XTK0va6VQkQM6MNo7PqW77ByjAhoARA8EfrP1N4+KlKj8YS0ZUCtRT/YUuhyYDujIQ==}

  postcss-selector-parser@6.0.10:
    resolution: {integrity: sha512-IQ7TZdoaqbT+LCpShg46jnZVlhWD2w6iQYAcYXfHARZ7X1t/UGhhceQDs5X0cGqKvYlHNOuv7Oa1xmb0oQuA3w==}
    engines: {node: '>=4'}

  tailwindcss@4.0.0:
    resolution: {integrity: sha512-ULRPI3A+e39T7pSaf1xoi58AqqJxVCLg8F/uM5A3FadUbnyDTgltVnXJvdkTjwCOGA6NazqHVcwPJC5h2vRYVQ==}

  util-deprecate@1.0.2:
    resolution: {integrity: sha512-EPD5q1uXyFxJpCrLnCc1nHnq3gOa6DZBocAIiI2TaSCA7VCJ1UJDMagCzIkXNsUYfD1daK//LTEQ8xiIbrHtcw==}

snapshots:

  '@tailwindcss/typography@0.5.10(tailwindcss@4.0.0)':
    dependencies:
      lodash.castarray: 4.4.0
      lodash.isplainobject: 4.0.6
      lodash.merge: 4.6.2
      postcss-selector-parser: 6.0.10
      tailwindcss: 4.0.0

  cssesc@3.0.0: {}

  lodash.castarray@4.4.0: {}

  lodash.isplainobject@4.0.6: {}

  lodash.merge@4.6.2: {}

  postcss-selector-parser@6.0.10:
    dependencies:
      cssesc: 3.0.0
      util-deprecate: 1.0.2

  tailwindcss@4.0.0: {}

  util-deprecate@1.0.2: {}
